
Microsoft Visual Studio Solution File, Format Version 12.00
# Visual Studio Version 16
VisualStudioVersion = 16.0.28922.388
MinimumVisualStudioVersion = 10.0.40219.1
Project("{FAE04EC0-301F-11D3-BF4B-00C04F79EFBC}") = "ElevatedProcess", "ElevatedContext\ElevatedProcess.csproj", "{8A82C855-1B16-4E8E-AC2B-1CC2B1A9626B}"
EndProject
Project("{FAE04EC0-301F-11D3-BF4B-00C04F79EFBC}") = "Auto_RT", "Auto_RT\Auto_RT.csproj", "{664066EE-9F59-4C2A-98E7-67FEC7869A29}"
	ProjectSection(ProjectDependencies) = postProject
		{9A3082FB-91D4-45BF-B1FE-83E414161453} = {9A3082FB-91D4-45BF-B1FE-83E414161453}
	EndProjectSection
EndProject
Project("{9A19103F-16F7-4668-BE54-9A1E7A4F7556}") = "YamlDotNet", "YamlDotNet\YamlDotNet.csproj", "{0AE8821F-836E-45A9-AA2B-40376A257F08}"
EndProject
Project("{FAE04EC0-301F-11D3-BF4B-00C04F79EFBC}") = "AtomicRTdotNET", "AtomicRTdotNET\AtomicRTdotNET.csproj", "{9A3082FB-91D4-45BF-B1FE-83E414161453}"
	ProjectSection(ProjectDependencies) = postProject
		{0AE8821F-836E-45A9-AA2B-40376A257F08} = {0AE8821F-836E-45A9-AA2B-40376A257F08}
	EndProjectSection
EndProject
Project("{2150E333-8FDC-42A3-9474-1A3956D46DE8}") = "Solution Items", "Solution Items", "{C4011D0B-B1C9-41CA-B416-96A85F62F4AB}"
	ProjectSection(SolutionItems) = preProject
		README.md = README.md
	EndProjectSection
EndProject
Project("{54435603-DBB4-11D2-8724-00A0C9A8B90C}") = "Auto_RT_Setup", "Auto_RT_Setup\Auto_RT_Setup.vdproj", "{49C49243-2F9B-479F-965E-DF06F183B4B2}"
EndProject
Global
	GlobalSection(SolutionConfigurationPlatforms) = preSolution
		Debug|Any CPU = Debug|Any CPU
		Debug-AOT|Any CPU = Debug-AOT|Any CPU
		Release|Any CPU = Release|Any CPU
	EndGlobalSection
	GlobalSection(ProjectConfigurationPlatforms) = postSolution
		{8A82C855-1B16-4E8E-AC2B-1CC2B1A9626B}.Debug|Any CPU.ActiveCfg = Debug|Any CPU
		{8A82C855-1B16-4E8E-AC2B-1CC2B1A9626B}.Debug|Any CPU.Build.0 = Debug|Any CPU
		{8A82C855-1B16-4E8E-AC2B-1CC2B1A9626B}.Debug-AOT|Any CPU.ActiveCfg = Debug|Any CPU
		{8A82C855-1B16-4E8E-AC2B-1CC2B1A9626B}.Debug-AOT|Any CPU.Build.0 = Debug|Any CPU
		{8A82C855-1B16-4E8E-AC2B-1CC2B1A9626B}.Release|Any CPU.ActiveCfg = Release|Any CPU
		{8A82C855-1B16-4E8E-AC2B-1CC2B1A9626B}.Release|Any CPU.Build.0 = Release|Any CPU
		{664066EE-9F59-4C2A-98E7-67FEC7869A29}.Debug|Any CPU.ActiveCfg = Debug|Any CPU
		{664066EE-9F59-4C2A-98E7-67FEC7869A29}.Debug|Any CPU.Build.0 = Debug|Any CPU
		{664066EE-9F59-4C2A-98E7-67FEC7869A29}.Debug-AOT|Any CPU.ActiveCfg = Debug|Any CPU
		{664066EE-9F59-4C2A-98E7-67FEC7869A29}.Debug-AOT|Any CPU.Build.0 = Debug|Any CPU
		{664066EE-9F59-4C2A-98E7-67FEC7869A29}.Release|Any CPU.ActiveCfg = Release|Any CPU
		{664066EE-9F59-4C2A-98E7-67FEC7869A29}.Release|Any CPU.Build.0 = Release|Any CPU
		{0AE8821F-836E-45A9-AA2B-40376A257F08}.Debug|Any CPU.ActiveCfg = Debug|Any CPU
		{0AE8821F-836E-45A9-AA2B-40376A257F08}.Debug|Any CPU.Build.0 = Debug|Any CPU
		{0AE8821F-836E-45A9-AA2B-40376A257F08}.Debug-AOT|Any CPU.ActiveCfg = Debug|Any CPU
		{0AE8821F-836E-45A9-AA2B-40376A257F08}.Debug-AOT|Any CPU.Build.0 = Debug|Any CPU
		{0AE8821F-836E-45A9-AA2B-40376A257F08}.Release|Any CPU.ActiveCfg = Release|Any CPU
		{0AE8821F-836E-45A9-AA2B-40376A257F08}.Release|Any CPU.Build.0 = Release|Any CPU
		{9A3082FB-91D4-45BF-B1FE-83E414161453}.Debug|Any CPU.ActiveCfg = Debug|Any CPU
		{9A3082FB-91D4-45BF-B1FE-83E414161453}.Debug|Any CPU.Build.0 = Debug|Any CPU
		{9A3082FB-91D4-45BF-B1FE-83E414161453}.Debug-AOT|Any CPU.ActiveCfg = Debug|Any CPU
		{9A3082FB-91D4-45BF-B1FE-83E414161453}.Debug-AOT|Any CPU.Build.0 = Debug|Any CPU
		{9A3082FB-91D4-45BF-B1FE-83E414161453}.Release|Any CPU.ActiveCfg = Release|Any CPU
		{9A3082FB-91D4-45BF-B1FE-83E414161453}.Release|Any CPU.Build.0 = Release|Any CPU
		{49C49243-2F9B-479F-965E-DF06F183B4B2}.Debug|Any CPU.ActiveCfg = Debug
		{49C49243-2F9B-479F-965E-DF06F183B4B2}.Debug-AOT|Any CPU.ActiveCfg = Debug
		{49C49243-2F9B-479F-965E-DF06F183B4B2}.Release|Any CPU.ActiveCfg = Release
	EndGlobalSection
	GlobalSection(SolutionProperties) = preSolution
		HideSolutionNode = FALSE
	EndGlobalSection
	GlobalSection(ExtensibilityGlobals) = postSolution
		SolutionGuid = {0C654251-2321-444C-AE51-FEE534900F57}
	EndGlobalSection
EndGlobal
